// !$*UTF8*$!
{
	archiveVersion = 1;
	classes = {
	};
	objectVersion = 50;
	objects = {

/* Begin PBXBuildFile section */
		C27DF5CC251F9ADE00624AE2 /* AppDelegate.swift in Sources */ = {isa = PBXBuildFile; fileRef = C27DF5CB251F9ADE00624AE2 /* AppDelegate.swift */; };
		C27DF5CE251F9ADE00624AE2 /* SceneDelegate.swift in Sources */ = {isa = PBXBuildFile; fileRef = C27DF5CD251F9ADE00624AE2 /* SceneDelegate.swift */; };
		C27DF5D0251F9ADE00624AE2 /* ContentView.swift in Sources */ = {isa = PBXBuildFile; fileRef = C27DF5CF251F9ADE00624AE2 /* ContentView.swift */; };
		C27DF5D2251F9ADF00624AE2 /* Assets.xcassets in Resources */ = {isa = PBXBuildFile; fileRef = C27DF5D1251F9ADF00624AE2 /* Assets.xcassets */; };
		C27DF5D5251F9ADF00624AE2 /* Preview Assets.xcassets in Resources */ = {isa = PBXBuildFile; fileRef = C27DF5D4251F9ADF00624AE2 /* Preview Assets.xcassets */; };
		C27DF5D8251F9ADF00624AE2 /* LaunchScreen.storyboard in Resources */ = {isa = PBXBuildFile; fileRef = C27DF5D6251F9ADF00624AE2 /* LaunchScreen.storyboard */; };
		C27DF5E3251F9ADF00624AE2 /* CODECADEMY_SWIFT_APP_01Tests.swift in Sources */ = {isa = PBXBuildFile; fileRef = C27DF5E2251F9ADF00624AE2 /* CODECADEMY_SWIFT_APP_01Tests.swift */; };
		C27DF5EE251F9ADF00624AE2 /* CODECADEMY_SWIFT_APP_01UITests.swift in Sources */ = {isa = PBXBuildFile; fileRef = C27DF5ED251F9ADF00624AE2 /* CODECADEMY_SWIFT_APP_01UITests.swift */; };
/* End PBXBuildFile section */

/* Begin PBXContainerItemProxy section */
		C27DF5DF251F9ADF00624AE2 /* PBXContainerItemProxy */ = {
			isa = PBXContainerItemProxy;
			containerPortal = C27DF5C0251F9ADD00624AE2 /* Project object */;
			proxyType = 1;
			remoteGlobalIDString = C27DF5C7251F9ADE00624AE2;
			remoteInfo = "CODECADEMY SWIFT APP 01";
		};
		C27DF5EA251F9ADF00624AE2 /* PBXContainerItemProxy */ = {
			isa = PBXContainerItemProxy;
			containerPortal = C27DF5C0251F9ADD00624AE2 /* Project object */;
			proxyType = 1;
			remoteGlobalIDString = C27DF5C7251F9ADE00624AE2;
			remoteInfo = "CODECADEMY SWIFT APP 01";
		};
/* End PBXContainerItemProxy section */

/* Begin PBXFileReference section */
		C27DF5C8251F9ADE00624AE2 /* CODECADEMY SWIFT APP 01.app */ = {isa = PBXFileReference; explicitFileType = wrapper.application; includeInIndex = 0; path = "CODECADEMY SWIFT APP 01.app"; sourceTree = BUILT_PRODUCTS_DIR; };
		C27DF5CB251F9ADE00624AE2 /* AppDelegate.swift */ = {isa = PBXFileReference; lastKnownFileType = sourcecode.swift; path = AppDelegate.swift; sourceTree = "<group>"; };
		C27DF5CD251F9ADE00624AE2 /* SceneDelegate.swift */ = {isa = PBXFileReference; lastKnownFileType = sourcecode.swift; path = SceneDelegate.swift; sourceTree = "<group>"; };
		C27DF5CF251F9ADE00624AE2 /* ContentView.swift */ = {isa = PBXFileReference; lastKnownFileType = sourcecode.swift; path = ContentView.swift; sourceTree = "<group>"; };
		C27DF5D1251F9ADF00624AE2 /* Assets.xcassets */ = {isa = PBXFileReference; lastKnownFileType = folder.assetcatalog; path = Assets.xcassets; sourceTree = "<group>"; };
		C27DF5D4251F9ADF00624AE2 /* Preview Assets.xcassets */ = {isa = PBXFileReference; lastKnownFileType = folder.assetcatalog; path = "Preview Assets.xcassets"; sourceTree = "<group>"; };
		C27DF5D7251F9ADF00624AE2 /* Base */ = {isa = PBXFileReference; lastKnownFileType = file.storyboard; name = Base; path = Base.lproj/LaunchScreen.storyboard; sourceTree = "<group>"; };
		C27DF5D9251F9ADF00624AE2 /* Info.plist */ = {isa = PBXFileReference; lastKnownFileType = text.plist.xml; path = Info.plist; sourceTree = "<group>"; };
		C27DF5DE251F9ADF00624AE2 /* CODECADEMY SWIFT APP 01Tests.xctest */ = {isa = PBXFileReference; explicitFileType = wrapper.cfbundle; includeInIndex = 0; path = "CODECADEMY SWIFT APP 01Tests.xctest"; sourceTree = BUILT_PRODUCTS_DIR; };
		C27DF5E2251F9ADF00624AE2 /* CODECADEMY_SWIFT_APP_01Tests.swift */ = {isa = PBXFileReference; lastKnownFileType = sourcecode.swift; path = CODECADEMY_SWIFT_APP_01Tests.swift; sourceTree = "<group>"; };
		C27DF5E4251F9ADF00624AE2 /* Info.plist */ = {isa = PBXFileReference; lastKnownFileType = text.plist.xml; path = Info.plist; sourceTree = "<group>"; };
		C27DF5E9251F9ADF00624AE2 /* CODECADEMY SWIFT APP 01UITests.xctest */ = {isa = PBXFileReference; explicitFileType = wrapper.cfbundle; includeInIndex = 0; path = "CODECADEMY SWIFT APP 01UITests.xctest"; sourceTree = BUILT_PRODUCTS_DIR; };
		C27DF5ED251F9ADF00624AE2 /* CODECADEMY_SWIFT_APP_01UITests.swift */ = {isa = PBXFileReference; lastKnownFileType = sourcecode.swift; path = CODECADEMY_SWIFT_APP_01UITests.swift; sourceTree = "<group>"; };
		C27DF5EF251F9ADF00624AE2 /* Info.plist */ = {isa = PBXFileReference; lastKnownFileType = text.plist.xml; path = Info.plist; sourceTree = "<group>"; };
/* End PBXFileReference section */

/* Begin PBXFrameworksBuildPhase section */
		C27DF5C5251F9ADE00624AE2 /* Frameworks */ = {
			isa = PBXFrameworksBuildPhase;
			buildActionMask = 2147483647;
			files = (
			);
			runOnlyForDeploymentPostprocessing = 0;
		};
		C27DF5DB251F9ADF00624AE2 /* Frameworks */ = {
			isa = PBXFrameworksBuildPhase;
			buildActionMask = 2147483647;
			files = (
			);
			runOnlyForDeploymentPostprocessing = 0;
		};
		C27DF5E6251F9ADF00624AE2 /* Frameworks */ = {
			isa = PBXFrameworksBuildPhase;
			buildActionMask = 2147483647;
			files = (
			);
			runOnlyForDeploymentPostprocessing = 0;
		};
/* End PBXFrameworksBuildPhase section */

/* Begin PBXGroup section */
		C27DF5BF251F9ADD00624AE2 = {
			isa = PBXGroup;
			children = (
				C27DF5CA251F9ADE00624AE2 /* CODECADEMY SWIFT APP 01 */,
				C27DF5E1251F9ADF00624AE2 /* CODECADEMY SWIFT APP 01Tests */,
				C27DF5EC251F9ADF00624AE2 /* CODECADEMY SWIFT APP 01UITests */,
				C27DF5C9251F9ADE00624AE2 /* Products */,
			);
			sourceTree = "<group>";
		};
		C27DF5C9251F9ADE00624AE2 /* Products */ = {
			isa = PBXGroup;
			children = (
				C27DF5C8251F9ADE00624AE2 /* CODECADEMY SWIFT APP 01.app */,
				C27DF5DE251F9ADF00624AE2 /* CODECADEMY SWIFT APP 01Tests.xctest */,
				C27DF5E9251F9ADF00624AE2 /* CODECADEMY SWIFT APP 01UITests.xctest */,
			);
			name = Products;
			sourceTree = "<group>";
		};
		C27DF5CA251F9ADE00624AE2 /* CODECADEMY SWIFT APP 01 */ = {
			isa = PBXGroup;
			children = (
				C27DF5CB251F9ADE00624AE2 /* AppDelegate.swift */,
				C27DF5CD251F9ADE00624AE2 /* SceneDelegate.swift */,
				C27DF5CF251F9ADE00624AE2 /* ContentView.swift */,
				C27DF5D1251F9ADF00624AE2 /* Assets.xcassets */,
				C27DF5D6251F9ADF00624AE2 /* LaunchScreen.storyboard */,
				C27DF5D9251F9ADF00624AE2 /* Info.plist */,
				C27DF5D3251F9ADF00624AE2 /* Preview Content */,
			);
			path = "CODECADEMY SWIFT APP 01";
			sourceTree = "<group>";
		};
		C27DF5D3251F9ADF00624AE2 /* Preview Content */ = {
			isa = PBXGroup;
			children = (
				C27DF5D4251F9ADF00624AE2 /* Preview Assets.xcassets */,
			);
			path = "Preview Content";
			sourceTree = "<group>";
		};
		C27DF5E1251F9ADF00624AE2 /* CODECADEMY SWIFT APP 01Tests */ = {
			isa = PBXGroup;
			children = (
				C27DF5E2251F9ADF00624AE2 /* CODECADEMY_SWIFT_APP_01Tests.swift */,
				C27DF5E4251F9ADF00624AE2 /* Info.plist */,
			);
			path = "CODECADEMY SWIFT APP 01Tests";
			sourceTree = "<group>";
		};
		C27DF5EC251F9ADF00624AE2 /* CODECADEMY SWIFT APP 01UITests */ = {
			isa = PBXGroup;
			children = (
				C27DF5ED251F9ADF00624AE2 /* CODECADEMY_SWIFT_APP_01UITests.swift */,
				C27DF5EF251F9ADF00624AE2 /* Info.plist */,
			);
			path = "CODECADEMY SWIFT APP 01UITests";
			sourceTree = "<group>";
		};
/* End PBXGroup section */

/* Begin PBXNativeTarget section */
		C27DF5C7251F9ADE00624AE2 /* CODECADEMY SWIFT APP 01 */ = {
			isa = PBXNativeTarget;
			buildConfigurationList = C27DF5F2251F9ADF00624AE2 /* Build configuration list for PBXNativeTarget "CODECADEMY SWIFT APP 01" */;
			buildPhases = (
				C27DF5C4251F9ADE00624AE2 /* Sources */,
				C27DF5C5251F9ADE00624AE2 /* Frameworks */,
				C27DF5C6251F9ADE00624AE2 /* Resources */,
			);
			buildRules = (
			);
			dependencies = (
			);
			name = "CODECADEMY SWIFT APP 01";
			productName = "CODECADEMY SWIFT APP 01";
			productReference = C27DF5C8251F9ADE00624AE2 /* CODECADEMY SWIFT APP 01.app */;
			productType = "com.apple.product-type.application";
		};
		C27DF5DD251F9ADF00624AE2 /* CODECADEMY SWIFT APP 01Tests */ = {
			isa = PBXNativeTarget;
			buildConfigurationList = C27DF5F5251F9ADF00624AE2 /* Build configuration list for PBXNativeTarget "CODECADEMY SWIFT APP 01Tests" */;
			buildPhases = (
				C27DF5DA251F9ADF00624AE2 /* Sources */,
				C27DF5DB251F9ADF00624AE2 /* Frameworks */,
				C27DF5DC251F9ADF00624AE2 /* Resources */,
			);
			buildRules = (
			);
			dependencies = (
				C27DF5E0251F9ADF00624AE2 /* PBXTargetDependency */,
			);
			name = "CODECADEMY SWIFT APP 01Tests";
			productName = "CODECADEMY SWIFT APP 01Tests";
			productReference = C27DF5DE251F9ADF00624AE2 /* CODECADEMY SWIFT APP 01Tests.xctest */;
			productType = "com.apple.product-type.bundle.unit-test";
		};
		C27DF5E8251F9ADF00624AE2 /* CODECADEMY SWIFT APP 01UITests */ = {
			isa = PBXNativeTarget;
			buildConfigurationList = C27DF5F8251F9ADF00624AE2 /* Build configuration list for PBXNativeTarget "CODECADEMY SWIFT APP 01UITests" */;
			buildPhases = (
				C27DF5E5251F9ADF00624AE2 /* Sources */,
				C27DF5E6251F9ADF00624AE2 /* Frameworks */,
				C27DF5E7251F9ADF00624AE2 /* Resources */,
			);
			buildRules = (
			);
			dependencies = (
				C27DF5EB251F9ADF00624AE2 /* PBXTargetDependency */,
			);
			name = "CODECADEMY SWIFT APP 01UITests";
			productName = "CODECADEMY SWIFT APP 01UITests";
			productReference = C27DF5E9251F9ADF00624AE2 /* CODECADEMY SWIFT APP 01UITests.xctest */;
			productType = "com.apple.product-type.bundle.ui-testing";
		};
/* End PBXNativeTarget section */

/* Begin PBXProject section */
		C27DF5C0251F9ADD00624AE2 /* Project object */ = {
			isa = PBXProject;
			attributes = {
				LastSwiftUpdateCheck = 1160;
				LastUpgradeCheck = 1160;
				ORGANIZATIONNAME = "Pavel Rekunov";
				TargetAttributes = {
					C27DF5C7251F9ADE00624AE2 = {
						CreatedOnToolsVersion = 11.6;
					};
					C27DF5DD251F9ADF00624AE2 = {
						CreatedOnToolsVersion = 11.6;
						TestTargetID = C27DF5C7251F9ADE00624AE2;
					};
					C27DF5E8251F9ADF00624AE2 = {
						CreatedOnToolsVersion = 11.6;
						TestTargetID = C27DF5C7251F9ADE00624AE2;
					};
				};
			};
			buildConfigurationList = C27DF5C3251F9ADD00624AE2 /* Build configuration list for PBXProject "CODECADEMY SWIFT APP 01" */;
			compatibilityVersion = "Xcode 9.3";
			developmentRegion = en;
			hasScannedForEncodings = 0;
			knownRegions = (
				en,
				Base,
			);
			mainGroup = C27DF5BF251F9ADD00624AE2;
			productRefGroup = C27DF5C9251F9ADE00624AE2 /* Products */;
			projectDirPath = "";
			projectRoot = "";
			targets = (
				C27DF5C7251F9ADE00624AE2 /* CODECADEMY SWIFT APP 01 */,
				C27DF5DD251F9ADF00624AE2 /* CODECADEMY SWIFT APP 01Tests */,
				C27DF5E8251F9ADF00624AE2 /* CODECADEMY SWIFT APP 01UITests */,
			);
		};
/* End PBXProject section */

/* Begin PBXResourcesBuildPhase section */
		C27DF5C6251F9ADE00624AE2 /* Resources */ = {
			isa = PBXResourcesBuildPhase;
			buildActionMask = 2147483647;
			files = (
				C27DF5D8251F9ADF00624AE2 /* LaunchScreen.storyboard in Resources */,
				C27DF5D5251F9ADF00624AE2 /* Preview Assets.xcassets in Resources */,
				C27DF5D2251F9ADF00624AE2 /* Assets.xcassets in Resources */,
			);
			runOnlyForDeploymentPostprocessing = 0;
		};
		C27DF5DC251F9ADF00624AE2 /* Resources */ = {
			isa = PBXResourcesBuildPhase;
			buildActionMask = 2147483647;
			files = (
			);
			runOnlyForDeploymentPostprocessing = 0;
		};
		C27DF5E7251F9ADF00624AE2 /* Resources */ = {
			isa = PBXResourcesBuildPhase;
			buildActionMask = 2147483647;
			files = (
			);
			runOnlyForDeploymentPostprocessing = 0;
		};
/* End PBXResourcesBuildPhase section */

/* Begin PBXSourcesBuildPhase section */
		C27DF5C4251F9ADE00624AE2 /* Sources */ = {
			isa = PBXSourcesBuildPhase;
			buildActionMask = 2147483647;
			files = (
				C27DF5CC251F9ADE00624AE2 /* AppDelegate.swift in Sources */,
				C27DF5CE251F9ADE00624AE2 /* SceneDelegate.swift in Sources */,
				C27DF5D0251F9ADE00624AE2 /* ContentView.swift in Sources */,
			);
			runOnlyForDeploymentPostprocessing = 0;
		};
		C27DF5DA251F9ADF00624AE2 /* Sources */ = {
			isa = PBXSourcesBuildPhase;
			buildActionMask = 2147483647;
			files = (
				C27DF5E3251F9ADF00624AE2 /* CODECADEMY_SWIFT_APP_01Tests.swift in Sources */,
			);
			runOnlyForDeploymentPostprocessing = 0;
		};
		C27DF5E5251F9ADF00624AE2 /* Sources */ = {
			isa = PBXSourcesBuildPhase;
			buildActionMask = 2147483647;
			files = (
				C27DF5EE251F9ADF00624AE2 /* CODECADEMY_SWIFT_APP_01UITests.swift in Sources */,
			);
			runOnlyForDeploymentPostprocessing = 0;
		};
/* End PBXSourcesBuildPhase section */

/* Begin PBXTargetDependency section */
		C27DF5E0251F9ADF00624AE2 /* PBXTargetDependency */ = {
			isa = PBXTargetDependency;
			target = C27DF5C7251F9ADE00624AE2 /* CODECADEMY SWIFT APP 01 */;
			targetProxy = C27DF5DF251F9ADF00624AE2 /* PBXContainerItemProxy */;
		};
		C27DF5EB251F9ADF00624AE2 /* PBXTargetDependency */ = {
			isa = PBXTargetDependency;
			target = C27DF5C7251F9ADE00624AE2 /* CODECADEMY SWIFT APP 01 */;
			targetProxy = C27DF5EA251F9ADF00624AE2 /* PBXContainerItemProxy */;
		};
/* End PBXTargetDependency section */

/* Begin PBXVariantGroup section */
		C27DF5D6251F9ADF00624AE2 /* LaunchScreen.storyboard */ = {
			isa = PBXVariantGroup;
			children = (
				C27DF5D7251F9ADF00624AE2 /* Base */,
			);
			name = LaunchScreen.storyboard;
			sourceTree = "<group>";
		};
/* End PBXVariantGroup section */

/* Begin XCBuildConfiguration section */
		C27DF5F0251F9ADF00624AE2 /* Debug */ = {
			isa = XCBuildConfiguration;
			buildSettings = {
				ALWAYS_SEARCH_USER_PATHS = NO;
				CLANG_ANALYZER_NONNULL = YES;
				CLANG_ANALYZER_NUMBER_OBJECT_CONVERSION = YES_AGGRESSIVE;
				CLANG_CXX_LANGUAGE_STANDARD = "gnu++14";
				CLANG_CXX_LIBRARY = "libc++";
				CLANG_ENABLE_MODULES = YES;
				CLANG_ENABLE_OBJC_ARC = YES;
				CLANG_ENABLE_OBJC_WEAK = YES;
				CLANG_WARN_BLOCK_CAPTURE_AUTORELEASING = YES;
				CLANG_WARN_BOOL_CONVERSION = YES;
				CLANG_WARN_COMMA = YES;
				CLANG_WARN_CONSTANT_CONVERSION = YES;
				CLANG_WARN_DEPRECATED_OBJC_IMPLEMENTATIONS = YES;
				CLANG_WARN_DIRECT_OBJC_ISA_USAGE = YES_ERROR;
				CLANG_WARN_DOCUMENTATION_COMMENTS = YES;
				CLANG_WARN_EMPTY_BODY = YES;
				CLANG_WARN_ENUM_CONVERSION = YES;
				CLANG_WARN_INFINITE_RECURSION = YES;
				CLANG_WARN_INT_CONVERSION = YES;
				CLANG_WARN_NON_LITERAL_NULL_CONVERSION = YES;
				CLANG_WARN_OBJC_IMPLICIT_RETAIN_SELF = YES;
				CLANG_WARN_OBJC_LITERAL_CONVERSION = YES;
				CLANG_WARN_OBJC_ROOT_CLASS = YES_ERROR;
				CLANG_WARN_RANGE_LOOP_ANALYSIS = YES;
				CLANG_WARN_STRICT_PROTOTYPES = YES;
				CLANG_WARN_SUSPICIOUS_MOVE = YES;
				CLANG_WARN_UNGUARDED_AVAILABILITY = YES_AGGRESSIVE;
				CLANG_WARN_UNREACHABLE_CODE = YES;
				CLANG_WARN__DUPLICATE_METHOD_MATCH = YES;
				COPY_PHASE_STRIP = NO;
				DEBUG_INFORMATION_FORMAT = dwarf;
				ENABLE_STRICT_OBJC_MSGSEND = YES;
				ENABLE_TESTABILITY = YES;
				GCC_C_LANGUAGE_STANDARD = gnu11;
				GCC_DYNAMIC_NO_PIC = NO;
				GCC_NO_COMMON_BLOCKS = YES;
				GCC_OPTIMIZATION_LEVEL = 0;
				GCC_PREPROCESSOR_DEFINITIONS = (
					"DEBUG=1",
					"$(inherited)",
				);
				GCC_WARN_64_TO_32_BIT_CONVERSION = YES;
				GCC_WARN_ABOUT_RETURN_TYPE = YES_ERROR;
				GCC_WARN_UNDECLARED_SELECTOR = YES;
				GCC_WARN_UNINITIALIZED_AUTOS = YES_AGGRESSIVE;
				GCC_WARN_UNUSED_FUNCTION = YES;
				GCC_WARN_UNUSED_VARIABLE = YES;
				IPHONEOS_DEPLOYMENT_TARGET = 13.6;
				MTL_ENABLE_DEBUG_INFO = INCLUDE_SOURCE;
				MTL_FAST_MATH = YES;
				ONLY_ACTIVE_ARCH = YES;
				SDKROOT = iphoneos;
				SWIFT_ACTIVE_COMPILATION_CONDITIONS = DEBUG;
				SWIFT_OPTIMIZATION_LEVEL = "-Onone";
			};
			name = Debug;
		};
		C27DF5F1251F9ADF00624AE2 /* Release */ = {
			isa = XCBuildConfiguration;
			buildSettings = {
				ALWAYS_SEARCH_USER_PATHS = NO;
				CLANG_ANALYZER_NONNULL = YES;
				CLANG_ANALYZER_NUMBER_OBJECT_CONVERSION = YES_AGGRESSIVE;
				CLANG_CXX_LANGUAGE_STANDARD = "gnu++14";
				CLANG_CXX_LIBRARY = "libc++";
				CLANG_ENABLE_MODULES = YES;
				CLANG_ENABLE_OBJC_ARC = YES;
				CLANG_ENABLE_OBJC_WEAK = YES;
				CLANG_WARN_BLOCK_CAPTURE_AUTORELEASING = YES;
				CLANG_WARN_BOOL_CONVERSION = YES;
				CLANG_WARN_COMMA = YES;
				CLANG_WARN_CONSTANT_CONVERSION = YES;
				CLANG_WARN_DEPRECATED_OBJC_IMPLEMENTATIONS = YES;
				CLANG_WARN_DIRECT_OBJC_ISA_USAGE = YES_ERROR;
				CLANG_WARN_DOCUMENTATION_COMMENTS = YES;
				CLANG_WARN_EMPTY_BODY = YES;
				CLANG_WARN_ENUM_CONVERSION = YES;
				CLANG_WARN_INFINITE_RECURSION = YES;
				CLANG_WARN_INT_CONVERSION = YES;
				CLANG_WARN_NON_LITERAL_NULL_CONVERSION = YES;
				CLANG_WARN_OBJC_IMPLICIT_RETAIN_SELF = YES;
				CLANG_WARN_OBJC_LITERAL_CONVERSION = YES;
				CLANG_WARN_OBJC_ROOT_CLASS = YES_ERROR;
				CLANG_WARN_RANGE_LOOP_ANALYSIS = YES;
				CLANG_WARN_STRICT_PROTOTYPES = YES;
				CLANG_WARN_SUSPICIOUS_MOVE = YES;
				CLANG_WARN_UNGUARDED_AVAILABILITY = YES_AGGRESSIVE;
				CLANG_WARN_UNREACHABLE_CODE = YES;
				CLANG_WARN__DUPLICATE_METHOD_MATCH = YES;
				COPY_PHASE_STRIP = NO;
				DEBUG_INFORMATION_FORMAT = "dwarf-with-dsym";
				ENABLE_NS_ASSERTIONS = NO;
				ENABLE_STRICT_OBJC_MSGSEND = YES;
				GCC_C_LANGUAGE_STANDARD = gnu11;
				GCC_NO_COMMON_BLOCKS = YES;
				GCC_WARN_64_TO_32_BIT_CONVERSION = YES;
				GCC_WARN_ABOUT_RETURN_TYPE = YES_ERROR;
				GCC_WARN_UNDECLARED_SELECTOR = YES;
				GCC_WARN_UNINITIALIZED_AUTOS = YES_AGGRESSIVE;
				GCC_WARN_UNUSED_FUNCTION = YES;
				GCC_WARN_UNUSED_VARIABLE = YES;
				IPHONEOS_DEPLOYMENT_TARGET = 13.6;
				MTL_ENABLE_DEBUG_INFO = NO;
				MTL_FAST_MATH = YES;
				SDKROOT = iphoneos;
				SWIFT_COMPILATION_MODE = wholemodule;
				SWIFT_OPTIMIZATION_LEVEL = "-O";
				VALIDATE_PRODUCT = YES;
			};
			name = Release;
		};
		C27DF5F3251F9ADF00624AE2 /* Debug */ = {
			isa = XCBuildConfiguration;
			buildSettings = {
				ASSETCATALOG_COMPILER_APPICON_NAME = AppIcon;
				CODE_SIGN_STYLE = Automatic;
				DEVELOPMENT_ASSET_PATHS = "\"CODECADEMY SWIFT APP 01/Preview Content\"";
				ENABLE_PREVIEWS = YES;
				INFOPLIST_FILE = "CODECADEMY SWIFT APP 01/Info.plist";
				LD_RUNPATH_SEARCH_PATHS = (
					"$(inherited)",
					"@executable_path/Frameworks",
				);
				PRODUCT_BUNDLE_IDENTIFIER = "Raccoonov.CODECADEMY-SWIFT-APP-01";
				PRODUCT_NAME = "$(TARGET_NAME)";
				SWIFT_VERSION = 5.0;
				TARGETED_DEVICE_FAMILY = "1,2";
			};
			name = Debug;
		};
		C27DF5F4251F9ADF00624AE2 /* Release */ = {
			isa = XCBuildConfiguration;
			buildSettings = {
				ASSETCATALOG_COMPILER_APPICON_NAME = AppIcon;
				CODE_SIGN_STYLE = Automatic;
				DEVELOPMENT_ASSET_PATHS = "\"CODECADEMY SWIFT APP 01/Preview Content\"";
				ENABLE_PREVIEWS = YES;
				INFOPLIST_FILE = "CODECADEMY SWIFT APP 01/Info.plist";
				LD_RUNPATH_SEARCH_PATHS = (
					"$(inherited)",
					"@executable_path/Frameworks",
				);
				PRODUCT_BUNDLE_IDENTIFIER = "Raccoonov.CODECADEMY-SWIFT-APP-01";
				PRODUCT_NAME = "$(TARGET_NAME)";
				SWIFT_VERSION = 5.0;
				TARGETED_DEVICE_FAMILY = "1,2";
			};
			name = Release;
		};
		C27DF5F6251F9ADF00624AE2 /* Debug */ = {
			isa = XCBuildConfiguration;
			buildSettings = {
				ALWAYS_EMBED_SWIFT_STANDARD_LIBRARIES = YES;
				BUNDLE_LOADER = "$(TEST_HOST)";
				CODE_SIGN_STYLE = Automatic;
				INFOPLIST_FILE = "CODECADEMY SWIFT APP 01Tests/Info.plist";
				IPHONEOS_DEPLOYMENT_TARGET = 13.6;
				LD_RUNPATH_SEARCH_PATHS = (
					"$(inherited)",
					"@executable_path/Frameworks",
					"@loader_path/Frameworks",
				);
				PRODUCT_BUNDLE_IDENTIFIER = "Raccoonov.CODECADEMY-SWIFT-APP-01Tests";
				PRODUCT_NAME = "$(TARGET_NAME)";
				SWIFT_VERSION = 5.0;
				TARGETED_DEVICE_FAMILY = "1,2";
				TEST_HOST = "$(BUILT_PRODUCTS_DIR)/CODECADEMY SWIFT APP 01.app/CODECADEMY SWIFT APP 01";
			};
			name = Debug;
		};
		C27DF5F7251F9ADF00624AE2 /* Release */ = {
			isa = XCBuildConfiguration;
			buildSettings = {
				ALWAYS_EMBED_SWIFT_STANDARD_LIBRARIES = YES;
				BUNDLE_LOADER = "$(TEST_HOST)";
				CODE_SIGN_STYLE = Automatic;
				INFOPLIST_FILE = "CODECADEMY SWIFT APP 01Tests/Info.plist";
				IPHONEOS_DEPLOYMENT_TARGET = 13.6;
				LD_RUNPATH_SEARCH_PATHS = (
					"$(inherited)",
					"@executable_path/Frameworks",
					"@loader_path/Frameworks",
				);
				PRODUCT_BUNDLE_IDENTIFIER = "Raccoonov.CODECADEMY-SWIFT-APP-01Tests";
				PRODUCT_NAME = "$(TARGET_NAME)";
				SWIFT_VERSION = 5.0;
				TARGETED_DEVICE_FAMILY = "1,2";
				TEST_HOST = "$(BUILT_PRODUCTS_DIR)/CODECADEMY SWIFT APP 01.app/CODECADEMY SWIFT APP 01";
			};
			name = Release;
		};
		C27DF5F9251F9ADF00624AE2 /* Debug */ = {
			isa = XCBuildConfiguration;
			buildSettings = {
				ALWAYS_EMBED_SWIFT_STANDARD_LIBRARIES = YES;
				CODE_SIGN_STYLE = Automatic;
				INFOPLIST_FILE = "CODECADEMY SWIFT APP 01UITests/Info.plist";
				LD_RUNPATH_SEARCH_PATHS = (
					"$(inherited)",
					"@executable_path/Frameworks",
					"@loader_path/Frameworks",
				);
				PRODUCT_BUNDLE_IDENTIFIER = "Raccoonov.CODECADEMY-SWIFT-APP-01UITests";
				PRODUCT_NAME = "$(TARGET_NAME)";
				SWIFT_VERSION = 5.0;
				TARGETED_DEVICE_FAMILY = "1,2";
				TEST_TARGET_NAME = "CODECADEMY SWIFT APP 01";
			};
			name = Debug;
		};
		C27DF5FA251F9ADF00624AE2 /* Release */ = {
			isa = XCBuildConfiguration;
			buildSettings = {
				ALWAYS_EMBED_SWIFT_STANDARD_LIBRARIES = YES;
				CODE_SIGN_STYLE = Automatic;
				INFOPLIST_FILE = "CODECADEMY SWIFT APP 01UITests/Info.plist";
				LD_RUNPATH_SEARCH_PATHS = (
					"$(inherited)",
					"@executable_path/Frameworks",
					"@loader_path/Frameworks",
				);
				PRODUCT_BUNDLE_IDENTIFIER = "Raccoonov.CODECADEMY-SWIFT-APP-01UITests";
				PRODUCT_NAME = "$(TARGET_NAME)";
				SWIFT_VERSION = 5.0;
				TARGETED_DEVICE_FAMILY = "1,2";
				TEST_TARGET_NAME = "CODECADEMY SWIFT APP 01";
			};
			name = Release;
		};
/* End XCBuildConfiguration section */

/* Begin XCConfigurationList section */
		C27DF5C3251F9ADD00624AE2 /* Build configuration list for PBXProject "CODECADEMY SWIFT APP 01" */ = {
			isa = XCConfigurationList;
			buildConfigurations = (
				C27DF5F0251F9ADF00624AE2 /* Debug */,
				C27DF5F1251F9ADF00624AE2 /* Release */,
			);
			defaultConfigurationIsVisible = 0;
			defaultConfigurationName = Release;
		};
		C27DF5F2251F9ADF00624AE2 /* Build configuration list for PBXNativeTarget "CODECADEMY SWIFT APP 01" */ = {
			isa = XCConfigurationList;
			buildConfigurations = (
				C27DF5F3251F9ADF00624AE2 /* Debug */,
				C27DF5F4251F9ADF00624AE2 /* Release */,
			);
			defaultConfigurationIsVisible = 0;
			defaultConfigurationName = Release;
		};
		C27DF5F5251F9ADF00624AE2 /* Build configuration list for PBXNativeTarget "CODECADEMY SWIFT APP 01Tests" */ = {
			isa = XCConfigurationList;
			buildConfigurations = (
				C27DF5F6251F9ADF00624AE2 /* Debug */,
				C27DF5F7251F9ADF00624AE2 /* Release */,
			);
			defaultConfigurationIsVisible = 0;
			defaultConfigurationName = Release;
		};
		C27DF5F8251F9ADF00624AE2 /* Build configuration list for PBXNativeTarget "CODECADEMY SWIFT APP 01UITests" */ = {
			isa = XCConfigurationList;
			buildConfigurations = (
				C27DF5F9251F9ADF00624AE2 /* Debug */,
				C27DF5FA251F9ADF00624AE2 /* Release */,
			);
			defaultConfigurationIsVisible = 0;
			defaultConfigurationName = Release;
		};
/* End XCConfigurationList section */
	};
	rootObject = C27DF5C0251F9ADD00624AE2 /* Project object */;
}
